
Microsoft Visual Studio Solution File, Format Version 12.00
# Visual Studio 15
VisualStudioVersion = 15.0.28307.438
MinimumVisualStudioVersion = 10.0.40219.1
Project("{FAE04EC0-301F-11D3-BF4B-00C04F79EFBC}") = "BlogWeb", "BlogWeb\BlogWeb.csproj", "{A9D6362A-7752-4F37-A65F-D7D8C60656BE}"
EndProject
Global
	GlobalSection(SolutionConfigurationPlatforms) = preSolution
		Debug|Any CPU = Debug|Any CPU
		Release|Any CPU = Release|Any CPU
	EndGlobalSection
	GlobalSection(ProjectConfigurationPlatforms) = postSolution
		{A9D6362A-7752-4F37-A65F-D7D8C60656BE}.Debug|Any CPU.ActiveCfg = Debug|Any CPU
		{A9D6362A-7752-4F37-A65F-D7D8C60656BE}.Debug|Any CPU.Build.0 = Debug|Any CPU
		{A9D6362A-7752-4F37-A65F-D7D8C60656BE}.Release|Any CPU.ActiveCfg = Release|Any CPU
		{A9D6362A-7752-4F37-A65F-D7D8C60656BE}.Release|Any CPU.Build.0 = Release|Any CPU
	EndGlobalSection
	GlobalSection(SolutionProperties) = preSolution
		HideSolutionNode = FALSE
	EndGlobalSection
	GlobalSection(ExtensibilityGlobals) = postSolution
		SolutionGuid = {BA79DEA2-8EA5-40DE-A531-BEAC0965629E}
	EndGlobalSection
EndGlobal
